PODS:
  - Alamofire (4.8.2)
  - Bugly (2.5.0)
  - Cache (5.2.0)
  - CleanJSON (0.9.3)
  - DefaultsKit (0.2.0)
  - Differentiator (3.1.0)
  - EmptyDataSet-Swift (4.2.0)
  - FDFullscreenPopGesture (1.1)
  - FSPagerView (0.8.2)
  - JXCategoryView (1.3.14)
  - Kingfisher (4.10.1)
  - MJRefresh (3.2.0)
  - Moya/Core (13.0.1):
    - Alamofire (~> 4.1)
    - Result (~> 4.1)
  - Moya/RxSwift (13.0.1):
    - Moya/Core
    - RxSwift (~> 4.0)
  - "NSObject+Rx (4.4.1)":
    - RxSwift (~> 4.3)
  - NVActivityIndicatorView (4.7.0):
    - NVActivityIndicatorView/Presenter (= 4.7.0)
  - NVActivityIndicatorView/Presenter (4.7.0)
  - R.swift (5.0.3):
    - R.swift.Library (~> 5.0.0)
  - R.swift.Library (5.0.1)
  - ReachabilitySwift (4.3.1)
  - Result (4.1.0)
  - RxActivityIndicator (0.1.1):
    - RxCocoa
    - RxSwift
  - RxCocoa (4.5.0):
    - RxSwift (>= 4.4.2, ~> 4.4)
  - RxDataSources (3.1.0):
    - Differentiator (~> 3.0)
    - RxCocoa (~> 4.0)
    - RxSwift (~> 4.0)
  - RxMJ (0.5.0):
    - MJRefresh
    - RxCocoa
  - RxNetwork/Cache (0.9.3):
    - Cache
    - RxNetwork/Cacheable
  - RxNetwork/Cacheable (0.9.3):
    - RxNetwork/Core
  - RxNetwork/Core (0.9.3):
    - Moya/RxSwift
  - RxReachability (0.1.8):
    - ReachabilitySwift (~> 4.3.0)
    - RxCocoa (~> 4)
    - RxSwift (~> 4)
  - RxSwift (4.5.0)
  - RxURLNavigator (1.1.0):
    - RxCocoa
    - RxSwift
    - URLNavigator
  - SwiftNotificationCenter (1.0.4)
  - SwiftTheme (0.4.4)
  - SwiftyThirdParty/Kingfisher/Core (0.1.1):
    - Kingfisher
  - SwiftyThirdParty/MJRefresh (0.1.1):
    - MJRefresh
  - UIFontComplete (4.0.0)
  - URLNavigator (2.2.0)

DEPENDENCIES:
  - Bugly
  - CleanJSON
  - DefaultsKit
  - EmptyDataSet-Swift
  - FDFullscreenPopGesture
  - FSPagerView
  - JXCategoryView
  - "NSObject+Rx"
  - NVActivityIndicatorView
  - R.swift
  - RxActivityIndicator
  - RxDataSources
  - RxMJ (from `https://github.com/InsectQY/RxMJ.git`, tag `0.5.0`)
  - RxNetwork/Cache
  - RxReachability
  - RxURLNavigator
  - SwiftNotificationCenter
  - SwiftTheme
  - SwiftyThirdParty/Kingfisher/Core
  - SwiftyThirdParty/MJRefresh
  - UIFontComplete

SPEC REPOS:
  https://github.com/cocoapods/specs.git:
    - Alamofire
    - Bugly
    - Cache
    - CleanJSON
    - DefaultsKit
    - Differentiator
    - EmptyDataSet-Swift
    - FDFullscreenPopGesture
    - FSPagerView
    - JXCategoryView
    - Kingfisher
    - MJRefresh
    - Moya
    - "NSObject+Rx"
    - NVActivityIndicatorView
    - R.swift
    - R.swift.Library
    - ReachabilitySwift
    - Result
    - RxActivityIndicator
    - RxCocoa
    - RxDataSources
    - RxNetwork
    - RxReachability
    - RxSwift
    - RxURLNavigator
    - SwiftNotificationCenter
    - SwiftTheme
    - UIFontComplete
    - URLNavigator
  https://github.com/InsectQY/QYSpecs.git:
    - SwiftyThirdParty

EXTERNAL SOURCES:
  RxMJ:
    :git: https://github.com/InsectQY/RxMJ.git
    :tag: 0.5.0

CHECKOUT OPTIONS:
  RxMJ:
    :git: https://github.com/InsectQY/RxMJ.git
    :tag: 0.5.0

SPEC CHECKSUMS:
  Alamofire: ae5c501addb7afdbb13687d7f2f722c78734c2d3
  Bugly: 3ca9f255c01025582df26f9222893b383c7e4b4e
  Cache: 807c5d86d01a177f06ede9865add3aea269bbfd4
  CleanJSON: e7e3950845b522326790ae0b114bc98102a33456
  DefaultsKit: 6c767941b2c3fe34c4d70e300e6c3b80c94964dd
  Differentiator: be49ca3408f0ecfc761e4c7763d20c62be01b9ad
  EmptyDataSet-Swift: 1fa0b35f530a35f852ecb2b53564728b0c300aaf
  FDFullscreenPopGesture: a8a620179e3d9c40e8e00256dcee1c1a27c6d0f0
  FSPagerView: 816a18842306973cc7cc6df8a5332272f7815c30
  JXCategoryView: 008a9d2eb3ba6035eb2df9a2b3e9a4806d6601a3
  Kingfisher: c148cd7b47ebde9989f6bc7c27dcaa79d81279a0
  MJRefresh: ed450d6eb9d3346a2cb033ab7eb6de090aeef437
  Moya: f4a4b80ff2f8a4ffc208dfb31cd91636622fee6e
  "NSObject+Rx": 9884a92f19b610795c431e10b4e601913b59c9e9
  NVActivityIndicatorView: b19ddab2576f805cbe0fb2306cba3476e09a1dea
  R.swift: f5a87643b91ea569d23d6afb3eee9c743edde239
  R.swift.Library: cfe85d569d9bae6cb262922db130e7c3a7a5fad1
  ReachabilitySwift: 4032e2f59586e11e3b0ebe15b167abdd587a388b
  Result: bd966fac789cc6c1563440b348ab2598cc24d5c7
  RxActivityIndicator: 3ce24abf73d9608cad9925a3237397713d727bbe
  RxCocoa: cbf70265dc65a981d4ac982e513c10cf23df24a0
  RxDataSources: a843bad90c29817f5923ec8163f4af2de084ceb3
  RxMJ: 46f3a35f582856d3ed1030b16141363cb084d2b0
  RxNetwork: b3bd1a6554cd3989945d57180b6ae2182d27e7e6
  RxReachability: 053f2d913db44998242ade488ccaef558f3ce7cb
  RxSwift: f172070dfd1a93d70a9ab97a5a01166206e1c575
  RxURLNavigator: e1af8d62c8f5b4853768e8f77f4b669d02016e43
  SwiftNotificationCenter: 760386da2ce03d3594cb5e96d1e22ec80b44b46f
  SwiftTheme: a381f983da92153908b7a9eeb961b18b6d94d614
  SwiftyThirdParty: 949e49d932aa4c511a9b51e0e73a5be4853433f5
  UIFontComplete: 9542d390ee6114412a585d979b09fe820896695d
  URLNavigator: 0bffc3efdeb2d97f7b5eec7ac82d290f4a099431

PODFILE CHECKSUM: 1e118b329db61b15621dfa43852ff50c7063e79e

COCOAPODS: 1.7.4
